// !$*UTF8*$!
{
	archiveVersion = 1;
	classes = {
	};
	objectVersion = 56;
	objects = {

/* Begin PBXBuildFile section */
		0E0E40B1294848E2005F060E /* Constants.swift in Sources */ = {isa = PBXBuildFile; fileRef = 0E0E40B0294848E2005F060E /* Constants.swift */; };
		0E25F1EC2923DFA000338152 /* AppDelegate.swift in Sources */ = {isa = PBXBuildFile; fileRef = 0E25F1EB2923DFA000338152 /* AppDelegate.swift */; };
		0E25F1F02923DFA000338152 /* FloorPlanVC.swift in Sources */ = {isa = PBXBuildFile; fileRef = 0E25F1EF2923DFA000338152 /* FloorPlanVC.swift */; };
		0E25F1F32923DFA000338152 /* Main.storyboard in Resources */ = {isa = PBXBuildFile; fileRef = 0E25F1F12923DFA000338152 /* Main.storyboard */; };
		0E25F1F52923DFA300338152 /* Assets.xcassets in Resources */ = {isa = PBXBuildFile; fileRef = 0E25F1F42923DFA300338152 /* Assets.xcassets */; };
		0E25F1F82923DFA300338152 /* LaunchScreen.storyboard in Resources */ = {isa = PBXBuildFile; fileRef = 0E25F1F62923DFA300338152 /* LaunchScreen.storyboard */; };
		0E2953132967F5410000C062 /* IQTextView.swift in Sources */ = {isa = PBXBuildFile; fileRef = 0E2952F82967F5410000C062 /* IQTextView.swift */; };
		0E2953142967F5410000C062 /* IQKeyboardManager+Internal.swift in Sources */ = {isa = PBXBuildFile; fileRef = 0E2952F92967F5410000C062 /* IQKeyboardManager+Internal.swift */; };
		0E2953152967F5410000C062 /* IQPreviousNextView.swift in Sources */ = {isa = PBXBuildFile; fileRef = 0E2952FB2967F5410000C062 /* IQPreviousNextView.swift */; };
		0E2953162967F5410000C062 /* IQTitleBarButtonItem.swift in Sources */ = {isa = PBXBuildFile; fileRef = 0E2952FC2967F5410000C062 /* IQTitleBarButtonItem.swift */; };
		0E2953172967F5410000C062 /* IQBarButtonItem.swift in Sources */ = {isa = PBXBuildFile; fileRef = 0E2952FD2967F5410000C062 /* IQBarButtonItem.swift */; };
		0E2953182967F5410000C062 /* IQToolbar.swift in Sources */ = {isa = PBXBuildFile; fileRef = 0E2952FE2967F5410000C062 /* IQToolbar.swift */; };
		0E2953192967F5410000C062 /* IQUIView+IQKeyboardToolbar.swift in Sources */ = {isa = PBXBuildFile; fileRef = 0E2952FF2967F5410000C062 /* IQUIView+IQKeyboardToolbar.swift */; };
		0E29531A2967F5410000C062 /* IQInvocation.swift in Sources */ = {isa = PBXBuildFile; fileRef = 0E2953002967F5410000C062 /* IQInvocation.swift */; };
		0E29531B2967F5410000C062 /* IQKeyboardManager+UIKeyboardNotification.swift in Sources */ = {isa = PBXBuildFile; fileRef = 0E2953012967F5410000C062 /* IQKeyboardManager+UIKeyboardNotification.swift */; };
		0E29531C2967F5410000C062 /* IQKeyboardManagerConstantsInternal.swift in Sources */ = {isa = PBXBuildFile; fileRef = 0E2953032967F5410000C062 /* IQKeyboardManagerConstantsInternal.swift */; };
		0E29531D2967F5410000C062 /* IQKeyboardManagerConstants.swift in Sources */ = {isa = PBXBuildFile; fileRef = 0E2953042967F5410000C062 /* IQKeyboardManagerConstants.swift */; };
		0E29531E2967F5410000C062 /* IQKeyboardManager+Position.swift in Sources */ = {isa = PBXBuildFile; fileRef = 0E2953052967F5410000C062 /* IQKeyboardManager+Position.swift */; };
		0E29531F2967F5410000C062 /* IQKeyboardReturnKeyHandler.swift in Sources */ = {isa = PBXBuildFile; fileRef = 0E2953062967F5410000C062 /* IQKeyboardReturnKeyHandler.swift */; };
		0E2953202967F5410000C062 /* IQKeyboardManager.swift in Sources */ = {isa = PBXBuildFile; fileRef = 0E2953072967F5410000C062 /* IQKeyboardManager.swift */; };
		0E2953212967F5410000C062 /* IQKeyboardManager+Debug.swift in Sources */ = {isa = PBXBuildFile; fileRef = 0E2953082967F5410000C062 /* IQKeyboardManager+Debug.swift */; };
		0E2953222967F5410000C062 /* IQKeyboardManager+OrientationNotification.swift in Sources */ = {isa = PBXBuildFile; fileRef = 0E2953092967F5410000C062 /* IQKeyboardManager+OrientationNotification.swift */; };
		0E2953232967F5410000C062 /* IQKeyboardManager+Toolbar.swift in Sources */ = {isa = PBXBuildFile; fileRef = 0E29530A2967F5410000C062 /* IQKeyboardManager+Toolbar.swift */; };
		0E2953242967F5410000C062 /* IQUIScrollView+Additions.swift in Sources */ = {isa = PBXBuildFile; fileRef = 0E29530D2967F5410000C062 /* IQUIScrollView+Additions.swift */; };
		0E2953252967F5410000C062 /* IQUIViewController+Additions.swift in Sources */ = {isa = PBXBuildFile; fileRef = 0E29530E2967F5410000C062 /* IQUIViewController+Additions.swift */; };
		0E2953262967F5410000C062 /* IQUITextFieldView+Additions.swift in Sources */ = {isa = PBXBuildFile; fileRef = 0E29530F2967F5410000C062 /* IQUITextFieldView+Additions.swift */; };
		0E2953272967F5410000C062 /* IQUIView+Hierarchy.swift in Sources */ = {isa = PBXBuildFile; fileRef = 0E2953102967F5410000C062 /* IQUIView+Hierarchy.swift */; };
		0E2953282967F5410000C062 /* IQNSArray+Sort.swift in Sources */ = {isa = PBXBuildFile; fileRef = 0E2953112967F5410000C062 /* IQNSArray+Sort.swift */; };
		0E2953292967F5410000C062 /* IQKeyboardManager+UITextFieldViewNotification.swift in Sources */ = {isa = PBXBuildFile; fileRef = 0E2953122967F5410000C062 /* IQKeyboardManager+UITextFieldViewNotification.swift */; };
		0EB27E01296FDEE4003C898C /* Localizable.strings in Resources */ = {isa = PBXBuildFile; fileRef = 0EB27DFF296FDEE4003C898C /* Localizable.strings */; };
		0ECD2E232966E4B7008EC657 /* Alert.swift in Sources */ = {isa = PBXBuildFile; fileRef = 0ECD2E222966E4B7008EC657 /* Alert.swift */; };
		0EE4C74F294072A7008D6C3F /* OrderInputFormVC.swift in Sources */ = {isa = PBXBuildFile; fileRef = 0EE4C74E294072A7008D6C3F /* OrderInputFormVC.swift */; };
		7CA4467F2666860BB009D0FF /* Pods_RemotevalProject.framework in Frameworks */ = {isa = PBXBuildFile; fileRef = A1AA7F4DB9C269EF340FC241 /* Pods_RemotevalProject.framework */; };
/* End PBXBuildFile section */

/* Begin PBXFileReference section */
		0E0E40B0294848E2005F060E /* Constants.swift */ = {isa = PBXFileReference; lastKnownFileType = sourcecode.swift; path = Constants.swift; sourceTree = "<group>"; };
		0E25F1E82923DFA000338152 /* RemotevalProject.app */ = {isa = PBXFileReference; explicitFileType = wrapper.application; includeInIndex = 0; path = RemotevalProject.app; sourceTree = BUILT_PRODUCTS_DIR; };
		0E25F1EB2923DFA000338152 /* AppDelegate.swift */ = {isa = PBXFileReference; lastKnownFileType = sourcecode.swift; path = AppDelegate.swift; sourceTree = "<group>"; };
		0E25F1EF2923DFA000338152 /* FloorPlanVC.swift */ = {isa = PBXFileReference; lastKnownFileType = sourcecode.swift; path = FloorPlanVC.swift; sourceTree = "<group>"; };
		0E25F1F22923DFA000338152 /* Base */ = {isa = PBXFileReference; lastKnownFileType = file.storyboard; name = Base; path = Base.lproj/Main.storyboard; sourceTree = "<group>"; };
		0E25F1F42923DFA300338152 /* Assets.xcassets */ = {isa = PBXFileReference; lastKnownFileType = folder.assetcatalog; path = Assets.xcassets; sourceTree = "<group>"; };
		0E25F1F72923DFA300338152 /* Base */ = {isa = PBXFileReference; lastKnownFileType = file.storyboard; name = Base; path = Base.lproj/LaunchScreen.storyboard; sourceTree = "<group>"; };
		0E25F1F92923DFA300338152 /* Info.plist */ = {isa = PBXFileReference; lastKnownFileType = text.plist.xml; path = Info.plist; sourceTree = "<group>"; };
		0E2952F82967F5410000C062 /* IQTextView.swift */ = {isa = PBXFileReference; fileEncoding = 4; lastKnownFileType = sourcecode.swift; path = IQTextView.swift; sourceTree = "<group>"; };
		0E2952F92967F5410000C062 /* IQKeyboardManager+Internal.swift */ = {isa = PBXFileReference; fileEncoding = 4; lastKnownFileType = sourcecode.swift; path = "IQKeyboardManager+Internal.swift"; sourceTree = "<group>"; };
		0E2952FB2967F5410000C062 /* IQPreviousNextView.swift */ = {isa = PBXFileReference; fileEncoding = 4; lastKnownFileType = sourcecode.swift; path = IQPreviousNextView.swift; sourceTree = "<group>"; };
		0E2952FC2967F5410000C062 /* IQTitleBarButtonItem.swift */ = {isa = PBXFileReference; fileEncoding = 4; lastKnownFileType = sourcecode.swift; path = IQTitleBarButtonItem.swift; sourceTree = "<group>"; };
		0E2952FD2967F5410000C062 /* IQBarButtonItem.swift */ = {isa = PBXFileReference; fileEncoding = 4; lastKnownFileType = sourcecode.swift; path = IQBarButtonItem.swift; sourceTree = "<group>"; };
		0E2952FE2967F5410000C062 /* IQToolbar.swift */ = {isa = PBXFileReference; fileEncoding = 4; lastKnownFileType = sourcecode.swift; path = IQToolbar.swift; sourceTree = "<group>"; };
		0E2952FF2967F5410000C062 /* IQUIView+IQKeyboardToolbar.swift */ = {isa = PBXFileReference; fileEncoding = 4; lastKnownFileType = sourcecode.swift; path = "IQUIView+IQKeyboardToolbar.swift"; sourceTree = "<group>"; };
		0E2953002967F5410000C062 /* IQInvocation.swift */ = {isa = PBXFileReference; fileEncoding = 4; lastKnownFileType = sourcecode.swift; path = IQInvocation.swift; sourceTree = "<group>"; };
		0E2953012967F5410000C062 /* IQKeyboardManager+UIKeyboardNotification.swift */ = {isa = PBXFileReference; fileEncoding = 4; lastKnownFileType = sourcecode.swift; path = "IQKeyboardManager+UIKeyboardNotification.swift"; sourceTree = "<group>"; };
		0E2953032967F5410000C062 /* IQKeyboardManagerConstantsInternal.swift */ = {isa = PBXFileReference; fileEncoding = 4; lastKnownFileType = sourcecode.swift; path = IQKeyboardManagerConstantsInternal.swift; sourceTree = "<group>"; };
		0E2953042967F5410000C062 /* IQKeyboardManagerConstants.swift */ = {isa = PBXFileReference; fileEncoding = 4; lastKnownFileType = sourcecode.swift; path = IQKeyboardManagerConstants.swift; sourceTree = "<group>"; };
		0E2953052967F5410000C062 /* IQKeyboardManager+Position.swift */ = {isa = PBXFileReference; fileEncoding = 4; lastKnownFileType = sourcecode.swift; path = "IQKeyboardManager+Position.swift"; sourceTree = "<group>"; };
		0E2953062967F5410000C062 /* IQKeyboardReturnKeyHandler.swift */ = {isa = PBXFileReference; fileEncoding = 4; lastKnownFileType = sourcecode.swift; path = IQKeyboardReturnKeyHandler.swift; sourceTree = "<group>"; };
		0E2953072967F5410000C062 /* IQKeyboardManager.swift */ = {isa = PBXFileReference; fileEncoding = 4; lastKnownFileType = sourcecode.swift; path = IQKeyboardManager.swift; sourceTree = "<group>"; };
		0E2953082967F5410000C062 /* IQKeyboardManager+Debug.swift */ = {isa = PBXFileReference; fileEncoding = 4; lastKnownFileType = sourcecode.swift; path = "IQKeyboardManager+Debug.swift"; sourceTree = "<group>"; };
		0E2953092967F5410000C062 /* IQKeyboardManager+OrientationNotification.swift */ = {isa = PBXFileReference; fileEncoding = 4; lastKnownFileType = sourcecode.swift; path = "IQKeyboardManager+OrientationNotification.swift"; sourceTree = "<group>"; };
		0E29530A2967F5410000C062 /* IQKeyboardManager+Toolbar.swift */ = {isa = PBXFileReference; fileEncoding = 4; lastKnownFileType = sourcecode.swift; path = "IQKeyboardManager+Toolbar.swift"; sourceTree = "<group>"; };
		0E29530B2967F5410000C062 /* IQKeyboardManagerSwift.h */ = {isa = PBXFileReference; fileEncoding = 4; lastKnownFileType = sourcecode.c.h; path = IQKeyboardManagerSwift.h; sourceTree = "<group>"; };
		0E29530D2967F5410000C062 /* IQUIScrollView+Additions.swift */ = {isa = PBXFileReference; fileEncoding = 4; lastKnownFileType = sourcecode.swift; path = "IQUIScrollView+Additions.swift"; sourceTree = "<group>"; };
		0E29530E2967F5410000C062 /* IQUIViewController+Additions.swift */ = {isa = PBXFileReference; fileEncoding = 4; lastKnownFileType = sourcecode.swift; path = "IQUIViewController+Additions.swift"; sourceTree = "<group>"; };
		0E29530F2967F5410000C062 /* IQUITextFieldView+Additions.swift */ = {isa = PBXFileReference; fileEncoding = 4; lastKnownFileType = sourcecode.swift; path = "IQUITextFieldView+Additions.swift"; sourceTree = "<group>"; };
		0E2953102967F5410000C062 /* IQUIView+Hierarchy.swift */ = {isa = PBXFileReference; fileEncoding = 4; lastKnownFileType = sourcecode.swift; path = "IQUIView+Hierarchy.swift"; sourceTree = "<group>"; };
		0E2953112967F5410000C062 /* IQNSArray+Sort.swift */ = {isa = PBXFileReference; fileEncoding = 4; lastKnownFileType = sourcecode.swift; path = "IQNSArray+Sort.swift"; sourceTree = "<group>"; };
		0E2953122967F5410000C062 /* IQKeyboardManager+UITextFieldViewNotification.swift */ = {isa = PBXFileReference; fileEncoding = 4; lastKnownFileType = sourcecode.swift; path = "IQKeyboardManager+UITextFieldViewNotification.swift"; sourceTree = "<group>"; };
		0E9768622938B76600017F2D /* en */ = {isa = PBXFileReference; lastKnownFileType = text.plist.strings; name = en; path = en.lproj/Main.strings; sourceTree = "<group>"; };
		0EB27E00296FDEE4003C898C /* en */ = {isa = PBXFileReference; lastKnownFileType = text.plist.strings; name = en; path = en.lproj/Localizable.strings; sourceTree = "<group>"; };
		0ECD2E222966E4B7008EC657 /* Alert.swift */ = {isa = PBXFileReference; lastKnownFileType = sourcecode.swift; path = Alert.swift; sourceTree = "<group>"; };
		0EE4C74E294072A7008D6C3F /* OrderInputFormVC.swift */ = {isa = PBXFileReference; lastKnownFileType = sourcecode.swift; path = OrderInputFormVC.swift; sourceTree = "<group>"; };
		11116346D925F0EA8BFA0880 /* Pods-RemotevalProject.debug.xcconfig */ = {isa = PBXFileReference; includeInIndex = 1; lastKnownFileType = text.xcconfig; name = "Pods-RemotevalProject.debug.xcconfig"; path = "Target Support Files/Pods-RemotevalProject/Pods-RemotevalProject.debug.xcconfig"; sourceTree = "<group>"; };
		A1AA7F4DB9C269EF340FC241 /* Pods_RemotevalProject.framework */ = {isa = PBXFileReference; explicitFileType = wrapper.framework; includeInIndex = 0; path = Pods_RemotevalProject.framework; sourceTree = BUILT_PRODUCTS_DIR; };
		D6CB76EB624C80794D796B96 /* Pods-RemotevalProject.release.xcconfig */ = {isa = PBXFileReference; includeInIndex = 1; lastKnownFileType = text.xcconfig; name = "Pods-RemotevalProject.release.xcconfig"; path = "Target Support Files/Pods-RemotevalProject/Pods-RemotevalProject.release.xcconfig"; sourceTree = "<group>"; };
/* End PBXFileReference section */

/* Begin PBXFrameworksBuildPhase section */
		0E25F1E52923DFA000338152 /* Frameworks */ = {
			isa = PBXFrameworksBuildPhase;
			buildActionMask = 2147483647;
			files = (
				7CA4467F2666860BB009D0FF /* Pods_RemotevalProject.framework in Frameworks */,
			);
			runOnlyForDeploymentPostprocessing = 0;
		};
/* End PBXFrameworksBuildPhase section */

/* Begin PBXGroup section */
		0E0E40AF294848D2005F060E /* Utility */ = {
			isa = PBXGroup;
			children = (
				0E2952F62967F5410000C062 /* IQKeyboardManagerSwift */,
				0E0E40B0294848E2005F060E /* Constants.swift */,
				0ECD2E222966E4B7008EC657 /* Alert.swift */,
			);
			path = Utility;
			sourceTree = "<group>";
		};
		0E25F1DF2923DFA000338152 = {
			isa = PBXGroup;
			children = (
				0E25F1EA2923DFA000338152 /* RemotevalProject */,
				0E25F1E92923DFA000338152 /* Products */,
				0EDDE0BB2924A039000FE9CA /* Frameworks */,
				33BDA317471797FA79AD49D8 /* Pods */,
			);
			sourceTree = "<group>";
		};
		0E25F1E92923DFA000338152 /* Products */ = {
			isa = PBXGroup;
			children = (
				0E25F1E82923DFA000338152 /* RemotevalProject.app */,
			);
			name = Products;
			sourceTree = "<group>";
		};
		0E25F1EA2923DFA000338152 /* RemotevalProject */ = {
			isa = PBXGroup;
			children = (
				0EB27DFF296FDEE4003C898C /* Localizable.strings */,
				0E0E40AF294848D2005F060E /* Utility */,
				0EE4C74D29406E54008D6C3F /* Controllers */,
				0E25F1EB2923DFA000338152 /* AppDelegate.swift */,
				0E25F1F12923DFA000338152 /* Main.storyboard */,
				0E25F1F42923DFA300338152 /* Assets.xcassets */,
				0E25F1F62923DFA300338152 /* LaunchScreen.storyboard */,
				0E25F1F92923DFA300338152 /* Info.plist */,
			);
			path = RemotevalProject;
			sourceTree = "<group>";
		};
		0E2952F62967F5410000C062 /* IQKeyboardManagerSwift */ = {
			isa = PBXGroup;
			children = (
				0E2952F72967F5410000C062 /* IQTextView */,
				0E2952F92967F5410000C062 /* IQKeyboardManager+Internal.swift */,
				0E2952FA2967F5410000C062 /* IQToolbar */,
				0E2953012967F5410000C062 /* IQKeyboardManager+UIKeyboardNotification.swift */,
				0E2953022967F5410000C062 /* Constants */,
				0E2953052967F5410000C062 /* IQKeyboardManager+Position.swift */,
				0E2953062967F5410000C062 /* IQKeyboardReturnKeyHandler.swift */,
				0E2953072967F5410000C062 /* IQKeyboardManager.swift */,
				0E2953082967F5410000C062 /* IQKeyboardManager+Debug.swift */,
				0E2953092967F5410000C062 /* IQKeyboardManager+OrientationNotification.swift */,
				0E29530A2967F5410000C062 /* IQKeyboardManager+Toolbar.swift */,
				0E29530B2967F5410000C062 /* IQKeyboardManagerSwift.h */,
				0E29530C2967F5410000C062 /* Categories */,
				0E2953122967F5410000C062 /* IQKeyboardManager+UITextFieldViewNotification.swift */,
			);
			path = IQKeyboardManagerSwift;
			sourceTree = "<group>";
		};
		0E2952F72967F5410000C062 /* IQTextView */ = {
			isa = PBXGroup;
			children = (
				0E2952F82967F5410000C062 /* IQTextView.swift */,
			);
			path = IQTextView;
			sourceTree = "<group>";
		};
		0E2952FA2967F5410000C062 /* IQToolbar */ = {
			isa = PBXGroup;
			children = (
				0E2952FB2967F5410000C062 /* IQPreviousNextView.swift */,
				0E2952FC2967F5410000C062 /* IQTitleBarButtonItem.swift */,
				0E2952FD2967F5410000C062 /* IQBarButtonItem.swift */,
				0E2952FE2967F5410000C062 /* IQToolbar.swift */,
				0E2952FF2967F5410000C062 /* IQUIView+IQKeyboardToolbar.swift */,
				0E2953002967F5410000C062 /* IQInvocation.swift */,
			);
			path = IQToolbar;
			sourceTree = "<group>";
		};
		0E2953022967F5410000C062 /* Constants */ = {
			isa = PBXGroup;
			children = (
				0E2953032967F5410000C062 /* IQKeyboardManagerConstantsInternal.swift */,
				0E2953042967F5410000C062 /* IQKeyboardManagerConstants.swift */,
			);
			path = Constants;
			sourceTree = "<group>";
		};
		0E29530C2967F5410000C062 /* Categories */ = {
			isa = PBXGroup;
			children = (
				0E29530D2967F5410000C062 /* IQUIScrollView+Additions.swift */,
				0E29530E2967F5410000C062 /* IQUIViewController+Additions.swift */,
				0E29530F2967F5410000C062 /* IQUITextFieldView+Additions.swift */,
				0E2953102967F5410000C062 /* IQUIView+Hierarchy.swift */,
				0E2953112967F5410000C062 /* IQNSArray+Sort.swift */,
			);
			path = Categories;
			sourceTree = "<group>";
		};
		0EDDE0BB2924A039000FE9CA /* Frameworks */ = {
			isa = PBXGroup;
			children = (
				A1AA7F4DB9C269EF340FC241 /* Pods_RemotevalProject.framework */,
			);
			name = Frameworks;
			sourceTree = "<group>";
		};
		0EE4C74D29406E54008D6C3F /* Controllers */ = {
			isa = PBXGroup;
			children = (
				0E25F1EF2923DFA000338152 /* FloorPlanVC.swift */,
				0EE4C74E294072A7008D6C3F /* OrderInputFormVC.swift */,
			);
			path = Controllers;
			sourceTree = "<group>";
		};
		33BDA317471797FA79AD49D8 /* Pods */ = {
			isa = PBXGroup;
			children = (
				11116346D925F0EA8BFA0880 /* Pods-RemotevalProject.debug.xcconfig */,
				D6CB76EB624C80794D796B96 /* Pods-RemotevalProject.release.xcconfig */,
			);
			path = Pods;
			sourceTree = "<group>";
		};
/* End PBXGroup section */

/* Begin PBXNativeTarget section */
		0E25F1E72923DFA000338152 /* RemotevalProject */ = {
			isa = PBXNativeTarget;
			buildConfigurationList = 0E25F1FC2923DFA300338152 /* Build configuration list for PBXNativeTarget "RemotevalProject" */;
			buildPhases = (
				3F8214196EE305CD1DA3FF84 /* [CP] Check Pods Manifest.lock */,
				0E25F1E42923DFA000338152 /* Sources */,
				0E25F1E52923DFA000338152 /* Frameworks */,
				0E25F1E62923DFA000338152 /* Resources */,
				546152D62FAC4F995D5CD22F /* [CP] Embed Pods Frameworks */,
			);
			buildRules = (
			);
			dependencies = (
			);
			name = RemotevalProject;
			productName = RemotevalProject;
			productReference = 0E25F1E82923DFA000338152 /* RemotevalProject.app */;
			productType = "com.apple.product-type.application";
		};
/* End PBXNativeTarget section */

/* Begin PBXProject section */
		0E25F1E02923DFA000338152 /* Project object */ = {
			isa = PBXProject;
			attributes = {
				BuildIndependentTargetsInParallel = 1;
				LastSwiftUpdateCheck = 1400;
				LastUpgradeCheck = 1400;
				TargetAttributes = {
					0E25F1E72923DFA000338152 = {
						CreatedOnToolsVersion = 14.0.1;
					};
				};
			};
			buildConfigurationList = 0E25F1E32923DFA000338152 /* Build configuration list for PBXProject "RemotevalProject" */;
			compatibilityVersion = "Xcode 14.0";
			developmentRegion = en;
			hasScannedForEncodings = 0;
			knownRegions = (
				en,
				Base,
			);
			mainGroup = 0E25F1DF2923DFA000338152;
			packageReferences = (
			);
			productRefGroup = 0E25F1E92923DFA000338152 /* Products */;
			projectDirPath = "";
			projectRoot = "";
			targets = (
				0E25F1E72923DFA000338152 /* RemotevalProject */,
			);
		};
/* End PBXProject section */

/* Begin PBXResourcesBuildPhase section */
		0E25F1E62923DFA000338152 /* Resources */ = {
			isa = PBXResourcesBuildPhase;
			buildActionMask = 2147483647;
			files = (
				0E25F1F82923DFA300338152 /* LaunchScreen.storyboard in Resources */,
				0EB27E01296FDEE4003C898C /* Localizable.strings in Resources */,
				0E25F1F52923DFA300338152 /* Assets.xcassets in Resources */,
				0E25F1F32923DFA000338152 /* Main.storyboard in Resources */,
			);
			runOnlyForDeploymentPostprocessing = 0;
		};
/* End PBXResourcesBuildPhase section */

/* Begin PBXShellScriptBuildPhase section */
		3F8214196EE305CD1DA3FF84 /* [CP] Check Pods Manifest.lock */ = {
			isa = PBXShellScriptBuildPhase;
			buildActionMask = 2147483647;
			files = (
			);
			inputFileListPaths = (
			);
			inputPaths = (
				"${PODS_PODFILE_DIR_PATH}/Podfile.lock",
				"${PODS_ROOT}/Manifest.lock",
			);
			name = "[CP] Check Pods Manifest.lock";
			outputFileListPaths = (
			);
			outputPaths = (
				"$(DERIVED_FILE_DIR)/Pods-RemotevalProject-checkManifestLockResult.txt",
			);
			runOnlyForDeploymentPostprocessing = 0;
			shellPath = /bin/sh;
			shellScript = "diff \"${PODS_PODFILE_DIR_PATH}/Podfile.lock\" \"${PODS_ROOT}/Manifest.lock\" > /dev/null\nif [ $? != 0 ] ; then\n    # print error to STDERR\n    echo \"error: The sandbox is not in sync with the Podfile.lock. Run 'pod install' or update your CocoaPods installation.\" >&2\n    exit 1\nfi\n# This output is used by Xcode 'outputs' to avoid re-running this script phase.\necho \"SUCCESS\" > \"${SCRIPT_OUTPUT_FILE_0}\"\n";
			showEnvVarsInLog = 0;
		};
		546152D62FAC4F995D5CD22F /* [CP] Embed Pods Frameworks */ = {
			isa = PBXShellScriptBuildPhase;
			buildActionMask = 2147483647;
			files = (
			);
			inputFileListPaths = (
				"${PODS_ROOT}/Target Support Files/Pods-RemotevalProject/Pods-RemotevalProject-frameworks-${CONFIGURATION}-input-files.xcfilelist",
			);
			name = "[CP] Embed Pods Frameworks";
			outputFileListPaths = (
				"${PODS_ROOT}/Target Support Files/Pods-RemotevalProject/Pods-RemotevalProject-frameworks-${CONFIGURATION}-output-files.xcfilelist",
			);
			runOnlyForDeploymentPostprocessing = 0;
			shellPath = /bin/sh;
			shellScript = "\"${PODS_ROOT}/Target Support Files/Pods-RemotevalProject/Pods-RemotevalProject-frameworks.sh\"\n";
			showEnvVarsInLog = 0;
		};
/* End PBXShellScriptBuildPhase section */

/* Begin PBXSourcesBuildPhase section */
		0E25F1E42923DFA000338152 /* Sources */ = {
			isa = PBXSourcesBuildPhase;
			buildActionMask = 2147483647;
			files = (
				0E2953292967F5410000C062 /* IQKeyboardManager+UITextFieldViewNotification.swift in Sources */,
				0E2953142967F5410000C062 /* IQKeyboardManager+Internal.swift in Sources */,
				0E2953272967F5410000C062 /* IQUIView+Hierarchy.swift in Sources */,
				0E2953202967F5410000C062 /* IQKeyboardManager.swift in Sources */,
				0E2953222967F5410000C062 /* IQKeyboardManager+OrientationNotification.swift in Sources */,
				0E29531F2967F5410000C062 /* IQKeyboardReturnKeyHandler.swift in Sources */,
				0E25F1F02923DFA000338152 /* FloorPlanVC.swift in Sources */,
				0E2953242967F5410000C062 /* IQUIScrollView+Additions.swift in Sources */,
				0E29531B2967F5410000C062 /* IQKeyboardManager+UIKeyboardNotification.swift in Sources */,
				0E2953212967F5410000C062 /* IQKeyboardManager+Debug.swift in Sources */,
				0E29531E2967F5410000C062 /* IQKeyboardManager+Position.swift in Sources */,
				0E25F1EC2923DFA000338152 /* AppDelegate.swift in Sources */,
				0E2953192967F5410000C062 /* IQUIView+IQKeyboardToolbar.swift in Sources */,
				0E2953252967F5410000C062 /* IQUIViewController+Additions.swift in Sources */,
				0E2953232967F5410000C062 /* IQKeyboardManager+Toolbar.swift in Sources */,
				0EE4C74F294072A7008D6C3F /* OrderInputFormVC.swift in Sources */,
				0E2953182967F5410000C062 /* IQToolbar.swift in Sources */,
				0E29531A2967F5410000C062 /* IQInvocation.swift in Sources */,
				0ECD2E232966E4B7008EC657 /* Alert.swift in Sources */,
				0E2953152967F5410000C062 /* IQPreviousNextView.swift in Sources */,
				0E2953132967F5410000C062 /* IQTextView.swift in Sources */,
				0E2953172967F5410000C062 /* IQBarButtonItem.swift in Sources */,
				0E2953282967F5410000C062 /* IQNSArray+Sort.swift in Sources */,
				0E29531D2967F5410000C062 /* IQKeyboardManagerConstants.swift in Sources */,
				0E29531C2967F5410000C062 /* IQKeyboardManagerConstantsInternal.swift in Sources */,
				0E0E40B1294848E2005F060E /* Constants.swift in Sources */,
				0E2953162967F5410000C062 /* IQTitleBarButtonItem.swift in Sources */,
				0E2953262967F5410000C062 /* IQUITextFieldView+Additions.swift in Sources */,
			);
			runOnlyForDeploymentPostprocessing = 0;
		};
/* End PBXSourcesBuildPhase section */

/* Begin PBXVariantGroup section */
		0E25F1F12923DFA000338152 /* Main.storyboard */ = {
			isa = PBXVariantGroup;
			children = (
				0E25F1F22923DFA000338152 /* Base */,
				0E9768622938B76600017F2D /* en */,
			);
			name = Main.storyboard;
			sourceTree = "<group>";
		};
		0E25F1F62923DFA300338152 /* LaunchScreen.storyboard */ = {
			isa = PBXVariantGroup;
			children = (
				0E25F1F72923DFA300338152 /* Base */,
			);
			name = LaunchScreen.storyboard;
			sourceTree = "<group>";
		};
		0EB27DFF296FDEE4003C898C /* Localizable.strings */ = {
			isa = PBXVariantGroup;
			children = (
				0EB27E00296FDEE4003C898C /* en */,
			);
			name = Localizable.strings;
			sourceTree = "<group>";
		};
/* End PBXVariantGroup section */

/* Begin XCBuildConfiguration section */
		0E25F1FA2923DFA300338152 /* Debug */ = {
			isa = XCBuildConfiguration;
			buildSettings = {
				ALWAYS_SEARCH_USER_PATHS = NO;
				CLANG_ANALYZER_NONNULL = YES;
				CLANG_ANALYZER_NUMBER_OBJECT_CONVERSION = YES_AGGRESSIVE;
				CLANG_CXX_LANGUAGE_STANDARD = "gnu++20";
				CLANG_ENABLE_MODULES = YES;
				CLANG_ENABLE_OBJC_ARC = YES;
				CLANG_ENABLE_OBJC_WEAK = YES;
				CLANG_WARN_BLOCK_CAPTURE_AUTORELEASING = YES;
				CLANG_WARN_BOOL_CONVERSION = YES;
				CLANG_WARN_COMMA = YES;
				CLANG_WARN_CONSTANT_CONVERSION = YES;
				CLANG_WARN_DEPRECATED_OBJC_IMPLEMENTATIONS = YES;
				CLANG_WARN_DIRECT_OBJC_ISA_USAGE = YES_ERROR;
				CLANG_WARN_DOCUMENTATION_COMMENTS = YES;
				CLANG_WARN_EMPTY_BODY = YES;
				CLANG_WARN_ENUM_CONVERSION = YES;
				CLANG_WARN_INFINITE_RECURSION = YES;
				CLANG_WARN_INT_CONVERSION = YES;
				CLANG_WARN_NON_LITERAL_NULL_CONVERSION = YES;
				CLANG_WARN_OBJC_IMPLICIT_RETAIN_SELF = YES;
				CLANG_WARN_OBJC_LITERAL_CONVERSION = YES;
				CLANG_WARN_OBJC_ROOT_CLASS = YES_ERROR;
				CLANG_WARN_QUOTED_INCLUDE_IN_FRAMEWORK_HEADER = YES;
				CLANG_WARN_RANGE_LOOP_ANALYSIS = YES;
				CLANG_WARN_STRICT_PROTOTYPES = YES;
				CLANG_WARN_SUSPICIOUS_MOVE = YES;
				CLANG_WARN_UNGUARDED_AVAILABILITY = YES_AGGRESSIVE;
				CLANG_WARN_UNREACHABLE_CODE = YES;
				CLANG_WARN__DUPLICATE_METHOD_MATCH = YES;
				COPY_PHASE_STRIP = NO;
				DEBUG_INFORMATION_FORMAT = dwarf;
				ENABLE_STRICT_OBJC_MSGSEND = YES;
				ENABLE_TESTABILITY = YES;
				GCC_C_LANGUAGE_STANDARD = gnu11;
				GCC_DYNAMIC_NO_PIC = NO;
				GCC_NO_COMMON_BLOCKS = YES;
				GCC_OPTIMIZATION_LEVEL = 0;
				GCC_PREPROCESSOR_DEFINITIONS = (
					"DEBUG=1",
					"$(inherited)",
				);
				GCC_WARN_64_TO_32_BIT_CONVERSION = YES;
				GCC_WARN_ABOUT_RETURN_TYPE = YES_ERROR;
				GCC_WARN_UNDECLARED_SELECTOR = YES;
				GCC_WARN_UNINITIALIZED_AUTOS = YES_AGGRESSIVE;
				GCC_WARN_UNUSED_FUNCTION = YES;
				GCC_WARN_UNUSED_VARIABLE = YES;
				IPHONEOS_DEPLOYMENT_TARGET = 16.0;
				MTL_ENABLE_DEBUG_INFO = INCLUDE_SOURCE;
				MTL_FAST_MATH = YES;
				ONLY_ACTIVE_ARCH = YES;
				SDKROOT = iphoneos;
				SWIFT_ACTIVE_COMPILATION_CONDITIONS = DEBUG;
				SWIFT_OPTIMIZATION_LEVEL = "-Onone";
			};
			name = Debug;
		};
		0E25F1FB2923DFA300338152 /* Release */ = {
			isa = XCBuildConfiguration;
			buildSettings = {
				ALWAYS_SEARCH_USER_PATHS = NO;
				CLANG_ANALYZER_NONNULL = YES;
				CLANG_ANALYZER_NUMBER_OBJECT_CONVERSION = YES_AGGRESSIVE;
				CLANG_CXX_LANGUAGE_STANDARD = "gnu++20";
				CLANG_ENABLE_MODULES = YES;
				CLANG_ENABLE_OBJC_ARC = YES;
				CLANG_ENABLE_OBJC_WEAK = YES;
				CLANG_WARN_BLOCK_CAPTURE_AUTORELEASING = YES;
				CLANG_WARN_BOOL_CONVERSION = YES;
				CLANG_WARN_COMMA = YES;
				CLANG_WARN_CONSTANT_CONVERSION = YES;
				CLANG_WARN_DEPRECATED_OBJC_IMPLEMENTATIONS = YES;
				CLANG_WARN_DIRECT_OBJC_ISA_USAGE = YES_ERROR;
				CLANG_WARN_DOCUMENTATION_COMMENTS = YES;
				CLANG_WARN_EMPTY_BODY = YES;
				CLANG_WARN_ENUM_CONVERSION = YES;
				CLANG_WARN_INFINITE_RECURSION = YES;
				CLANG_WARN_INT_CONVERSION = YES;
				CLANG_WARN_NON_LITERAL_NULL_CONVERSION = YES;
				CLANG_WARN_OBJC_IMPLICIT_RETAIN_SELF = YES;
				CLANG_WARN_OBJC_LITERAL_CONVERSION = YES;
				CLANG_WARN_OBJC_ROOT_CLASS = YES_ERROR;
				CLANG_WARN_QUOTED_INCLUDE_IN_FRAMEWORK_HEADER = YES;
				CLANG_WARN_RANGE_LOOP_ANALYSIS = YES;
				CLANG_WARN_STRICT_PROTOTYPES = YES;
				CLANG_WARN_SUSPICIOUS_MOVE = YES;
				CLANG_WARN_UNGUARDED_AVAILABILITY = YES_AGGRESSIVE;
				CLANG_WARN_UNREACHABLE_CODE = YES;
				CLANG_WARN__DUPLICATE_METHOD_MATCH = YES;
				COPY_PHASE_STRIP = NO;
				DEBUG_INFORMATION_FORMAT = "dwarf-with-dsym";
				ENABLE_NS_ASSERTIONS = NO;
				ENABLE_STRICT_OBJC_MSGSEND = YES;
				GCC_C_LANGUAGE_STANDARD = gnu11;
				GCC_NO_COMMON_BLOCKS = YES;
				GCC_WARN_64_TO_32_BIT_CONVERSION = YES;
				GCC_WARN_ABOUT_RETURN_TYPE = YES_ERROR;
				GCC_WARN_UNDECLARED_SELECTOR = YES;
				GCC_WARN_UNINITIALIZED_AUTOS = YES_AGGRESSIVE;
				GCC_WARN_UNUSED_FUNCTION = YES;
				GCC_WARN_UNUSED_VARIABLE = YES;
				IPHONEOS_DEPLOYMENT_TARGET = 16.0;
				MTL_ENABLE_DEBUG_INFO = NO;
				MTL_FAST_MATH = YES;
				SDKROOT = iphoneos;
				SWIFT_COMPILATION_MODE = wholemodule;
				SWIFT_OPTIMIZATION_LEVEL = "-O";
				VALIDATE_PRODUCT = YES;
			};
			name = Release;
		};
		0E25F1FD2923DFA300338152 /* Debug */ = {
			isa = XCBuildConfiguration;
			baseConfigurationReference = 11116346D925F0EA8BFA0880 /* Pods-RemotevalProject.debug.xcconfig */;
			buildSettings = {
				ASSETCATALOG_COMPILER_APPICON_NAME = AppIcon;
				ASSETCATALOG_COMPILER_GLOBAL_ACCENT_COLOR_NAME = AccentColor;
				CODE_SIGN_IDENTITY = "Apple Development";
				CODE_SIGN_STYLE = Automatic;
				CURRENT_PROJECT_VERSION = 1;
				DEVELOPMENT_TEAM = G2CU65X6LJ;
				GENERATE_INFOPLIST_FILE = YES;
				INFOPLIST_FILE = RemotevalProject/Info.plist;
				INFOPLIST_KEY_CFBundleDisplayName = RVcaptureDemo;
				INFOPLIST_KEY_NSCameraUsageDescription = "user camera ";
				INFOPLIST_KEY_UIApplicationSupportsIndirectInputEvents = YES;
				INFOPLIST_KEY_UILaunchStoryboardName = LaunchScreen;
				INFOPLIST_KEY_UIMainStoryboardFile = Main;
				INFOPLIST_KEY_UISupportedInterfaceOrientations = "UIInterfaceOrientationLandscapeLeft UIInterfaceOrientationLandscapeRight UIInterfaceOrientationPortrait";
				INFOPLIST_KEY_UISupportedInterfaceOrientations_iPad = "UIInterfaceOrientationLandscapeLeft UIInterfaceOrientationLandscapeRight UIInterfaceOrientationPortrait UIInterfaceOrientationPortraitUpsideDown";
				INFOPLIST_KEY_UIUserInterfaceStyle = Light;
				LD_RUNPATH_SEARCH_PATHS = (
					"$(inherited)",
					"@executable_path/Frameworks",
				);
				MARKETING_VERSION = 1.0;
				PRODUCT_BUNDLE_IDENTIFIER = com.RemotevalProject;
				PRODUCT_NAME = "$(TARGET_NAME)";
				PROVISIONING_PROFILE_SPECIFIER = "";
				SWIFT_EMIT_LOC_STRINGS = YES;
				SWIFT_VERSION = 5.0;
				TARGETED_DEVICE_FAMILY = "1,2";
			};
			name = Debug;
		};
		0E25F1FE2923DFA300338152 /* Release */ = {
			isa = XCBuildConfiguration;
			baseConfigurationReference = D6CB76EB624C80794D796B96 /* Pods-RemotevalProject.release.xcconfig */;
			buildSettings = {
				ASSETCATALOG_COMPILER_APPICON_NAME = AppIcon;
				ASSETCATALOG_COMPILER_GLOBAL_ACCENT_COLOR_NAME = AccentColor;
				CODE_SIGN_IDENTITY = "Apple Development";
				CODE_SIGN_STYLE = Automatic;
				CURRENT_PROJECT_VERSION = 1;
				DEVELOPMENT_TEAM = G2CU65X6LJ;
				GENERATE_INFOPLIST_FILE = YES;
				INFOPLIST_FILE = RemotevalProject/Info.plist;
				INFOPLIST_KEY_CFBundleDisplayName = RVcaptureDemo;
				INFOPLIST_KEY_NSCameraUsageDescription = "user camera ";
				INFOPLIST_KEY_UIApplicationSupportsIndirectInputEvents = YES;
				INFOPLIST_KEY_UILaunchStoryboardName = LaunchScreen;
				INFOPLIST_KEY_UIMainStoryboardFile = Main;
				INFOPLIST_KEY_UISupportedInterfaceOrientations = "UIInterfaceOrientationLandscapeLeft UIInterfaceOrientationLandscapeRight UIInterfaceOrientationPortrait";
				INFOPLIST_KEY_UISupportedInterfaceOrientations_iPad = "UIInterfaceOrientationLandscapeLeft UIInterfaceOrientationLandscapeRight UIInterfaceOrientationPortrait UIInterfaceOrientationPortraitUpsideDown";
				INFOPLIST_KEY_UIUserInterfaceStyle = Light;
				LD_RUNPATH_SEARCH_PATHS = (
					"$(inherited)",
					"@executable_path/Frameworks",
				);
				MARKETING_VERSION = 1.0;
				PRODUCT_BUNDLE_IDENTIFIER = com.RemotevalProject;
				PRODUCT_NAME = "$(TARGET_NAME)";
				PROVISIONING_PROFILE_SPECIFIER = "";
				SWIFT_EMIT_LOC_STRINGS = YES;
				SWIFT_VERSION = 5.0;
				TARGETED_DEVICE_FAMILY = "1,2";
			};
			name = Release;
		};
/* End XCBuildConfiguration section */

/* Begin XCConfigurationList section */
		0E25F1E32923DFA000338152 /* Build configuration list for PBXProject "RemotevalProject" */ = {
			isa = XCConfigurationList;
			buildConfigurations = (
				0E25F1FA2923DFA300338152 /* Debug */,
				0E25F1FB2923DFA300338152 /* Release */,
			);
			defaultConfigurationIsVisible = 0;
			defaultConfigurationName = Release;
		};
		0E25F1FC2923DFA300338152 /* Build configuration list for PBXNativeTarget "RemotevalProject" */ = {
			isa = XCConfigurationList;
			buildConfigurations = (
				0E25F1FD2923DFA300338152 /* Debug */,
				0E25F1FE2923DFA300338152 /* Release */,
			);
			defaultConfigurationIsVisible = 0;
			defaultConfigurationName = Release;
		};
/* End XCConfigurationList section */
	};
	rootObject = 0E25F1E02923DFA000338152 /* Project object */;
}
